
Microsoft Visual Studio Solution File, Format Version 12.00
# Visual Studio Version 16
VisualStudioVersion = 16.0.28922.388
MinimumVisualStudioVersion = 10.0.40219.1
Project("{FAE04EC0-301F-11D3-BF4B-00C04F79EFBC}") = "SaintSender.UI", "SaintSender.UI\SaintSender.UI.csproj", "{ED56FF6C-61EB-47A1-B41E-ECAFCAE75F75}"
EndProject
Project("{FAE04EC0-301F-11D3-BF4B-00C04F79EFBC}") = "SaintSender.Backend", "Models\SaintSender.Backend.csproj", "{03FCED37-085A-41EC-AE63-96CC11328CCA}"
EndProject
Project("{FAE04EC0-301F-11D3-BF4B-00C04F79EFBC}") = "SaintSender.BackendTests", "SaintSender.BackendTests\SaintSender.BackendTests.csproj", "{14494D13-7991-4C83-AC2F-CF6ECBA9A3C7}"
EndProject
Global
	GlobalSection(SolutionConfigurationPlatforms) = preSolution
		Debug|Any CPU = Debug|Any CPU
		Release|Any CPU = Release|Any CPU
	EndGlobalSection
	GlobalSection(ProjectConfigurationPlatforms) = postSolution
		{ED56FF6C-61EB-47A1-B41E-ECAFCAE75F75}.Debug|Any CPU.ActiveCfg = Debug|Any CPU
		{ED56FF6C-61EB-47A1-B41E-ECAFCAE75F75}.Debug|Any CPU.Build.0 = Debug|Any CPU
		{ED56FF6C-61EB-47A1-B41E-ECAFCAE75F75}.Release|Any CPU.ActiveCfg = Release|Any CPU
		{ED56FF6C-61EB-47A1-B41E-ECAFCAE75F75}.Release|Any CPU.Build.0 = Release|Any CPU
		{03FCED37-085A-41EC-AE63-96CC11328CCA}.Debug|Any CPU.ActiveCfg = Debug|Any CPU
		{03FCED37-085A-41EC-AE63-96CC11328CCA}.Debug|Any CPU.Build.0 = Debug|Any CPU
		{03FCED37-085A-41EC-AE63-96CC11328CCA}.Release|Any CPU.ActiveCfg = Release|Any CPU
		{03FCED37-085A-41EC-AE63-96CC11328CCA}.Release|Any CPU.Build.0 = Release|Any CPU
		{14494D13-7991-4C83-AC2F-CF6ECBA9A3C7}.Debug|Any CPU.ActiveCfg = Debug|Any CPU
		{14494D13-7991-4C83-AC2F-CF6ECBA9A3C7}.Debug|Any CPU.Build.0 = Debug|Any CPU
		{14494D13-7991-4C83-AC2F-CF6ECBA9A3C7}.Release|Any CPU.ActiveCfg = Release|Any CPU
		{14494D13-7991-4C83-AC2F-CF6ECBA9A3C7}.Release|Any CPU.Build.0 = Release|Any CPU
	EndGlobalSection
	GlobalSection(SolutionProperties) = preSolution
		HideSolutionNode = FALSE
	EndGlobalSection
	GlobalSection(ExtensibilityGlobals) = postSolution
		SolutionGuid = {6631BD57-DB56-4611-90C5-BE33BB8449E6}
	EndGlobalSection
EndGlobal
